
Microsoft Visual Studio Solution File, Format Version 12.00
# Visual Studio Version 17
VisualStudioVersion = 17.14.36915.13 d17.14
MinimumVisualStudioVersion = 10.0.40219.1
Project("{FAE04EC0-301F-11D3-BF4B-00C04F79EFBC}") = "Hangman", "Hangman\Hangman.csproj", "{813EB99D-3FF1-4A83-83A1-1BAF0BF0A65A}"
EndProject
Global
	GlobalSection(SolutionConfigurationPlatforms) = preSolution
		Debug|Any CPU = Debug|Any CPU
		Release|Any CPU = Release|Any CPU
	EndGlobalSection
	GlobalSection(ProjectConfigurationPlatforms) = postSolution
		{813EB99D-3FF1-4A83-83A1-1BAF0BF0A65A}.Debug|Any CPU.ActiveCfg = Debug|Any CPU
		{813EB99D-3FF1-4A83-83A1-1BAF0BF0A65A}.Debug|Any CPU.Build.0 = Debug|Any CPU
		{813EB99D-3FF1-4A83-83A1-1BAF0BF0A65A}.Release|Any CPU.ActiveCfg = Release|Any CPU
		{813EB99D-3FF1-4A83-83A1-1BAF0BF0A65A}.Release|Any CPU.Build.0 = Release|Any CPU
	EndGlobalSection
	GlobalSection(SolutionProperties) = preSolution
		HideSolutionNode = FALSE
	EndGlobalSection
	GlobalSection(ExtensibilityGlobals) = postSolution
		SolutionGuid = {35655F63-AE5A-4EF3-BFD1-CDE0C0352379}
	EndGlobalSection
EndGlobal
